
Microsoft Visual Studio Solution File, Format Version 12.00
# Visual Studio Version 17
VisualStudioVersion = 17.5.33516.290
MinimumVisualStudioVersion = 10.0.40219.1
Project("{9A19103F-16F7-4668-BE54-9A1E7A4F7556}") = "Bocchidesu-coctothorpe", "Bocchidesu-coctothorpe\Bocchidesu-coctothorpe.csproj", "{637FF0C6-7FA9-44FA-98DA-2344E5A4D848}"
EndProject
Global
	GlobalSection(SolutionConfigurationPlatforms) = preSolution
		Debug|Any CPU = Debug|Any CPU
		Release|Any CPU = Release|Any CPU
	EndGlobalSection
	GlobalSection(ProjectConfigurationPlatforms) = postSolution
		{637FF0C6-7FA9-44FA-98DA-2344E5A4D848}.Debug|Any CPU.ActiveCfg = Debug|Any CPU
		{637FF0C6-7FA9-44FA-98DA-2344E5A4D848}.Debug|Any CPU.Build.0 = Debug|Any CPU
		{637FF0C6-7FA9-44FA-98DA-2344E5A4D848}.Release|Any CPU.ActiveCfg = Release|Any CPU
		{637FF0C6-7FA9-44FA-98DA-2344E5A4D848}.Release|Any CPU.Build.0 = Release|Any CPU
	EndGlobalSection
	GlobalSection(SolutionProperties) = preSolution
		HideSolutionNode = FALSE
	EndGlobalSection
	GlobalSection(ExtensibilityGlobals) = postSolution
		SolutionGuid = {85C98C6D-31B6-4017-98E6-BC37AC357E22}
	EndGlobalSection
EndGlobal
